// !$*UTF8*$!
{
	archiveVersion = 1;
	classes = {
	};
	objectVersion = 50;
	objects = {

/* Begin PBXBuildFile section */
		7304430420C058AC008E626A /* AppDelegate.swift in Sources */ = {isa = PBXBuildFile; fileRef = 7304430320C058AC008E626A /* AppDelegate.swift */; };
		7304430620C058AC008E626A /* ViewController.swift in Sources */ = {isa = PBXBuildFile; fileRef = 7304430520C058AC008E626A /* ViewController.swift */; };
		7304430920C058AC008E626A /* Main.storyboard in Resources */ = {isa = PBXBuildFile; fileRef = 7304430720C058AC008E626A /* Main.storyboard */; };
		7304430B20C058AE008E626A /* Assets.xcassets in Resources */ = {isa = PBXBuildFile; fileRef = 7304430A20C058AE008E626A /* Assets.xcassets */; };
		7304430E20C058AE008E626A /* LaunchScreen.storyboard in Resources */ = {isa = PBXBuildFile; fileRef = 7304430C20C058AE008E626A /* LaunchScreen.storyboard */; };
		7304431620C05C65008E626A /* SecondViewController.swift in Sources */ = {isa = PBXBuildFile; fileRef = 7304431520C05C65008E626A /* SecondViewController.swift */; };
		7304431820C062D9008E626A /* OneViewController.swift in Sources */ = {isa = PBXBuildFile; fileRef = 7304431720C062D9008E626A /* OneViewController.swift */; };
		7304431A20C062DF008E626A /* TwoViewController.swift in Sources */ = {isa = PBXBuildFile; fileRef = 7304431920C062DF008E626A /* TwoViewController.swift */; };
		7304431C20C062E5008E626A /* ThreeViewController.swift in Sources */ = {isa = PBXBuildFile; fileRef = 7304431B20C062E5008E626A /* ThreeViewController.swift */; };
		7304431E20C06315008E626A /* FourViewController.swift in Sources */ = {isa = PBXBuildFile; fileRef = 7304431D20C06315008E626A /* FourViewController.swift */; };
		7304432020C0E3B1008E626A /* RootViewController.swift in Sources */ = {isa = PBXBuildFile; fileRef = 7304431F20C0E3B1008E626A /* RootViewController.swift */; };
		7304432220C0E622008E626A /* LastViewController.swift in Sources */ = {isa = PBXBuildFile; fileRef = 7304432120C0E622008E626A /* LastViewController.swift */; };
		73DD92A620C12096009B94EF /* BlueViewController.swift in Sources */ = {isa = PBXBuildFile; fileRef = 73DD92A520C12096009B94EF /* BlueViewController.swift */; };
/* End PBXBuildFile section */

/* Begin PBXFileReference section */
		7304430020C058AC008E626A /* Navigation_1.app */ = {isa = PBXFileReference; explicitFileType = wrapper.application; includeInIndex = 0; path = Navigation_1.app; sourceTree = BUILT_PRODUCTS_DIR; };
		7304430320C058AC008E626A /* AppDelegate.swift */ = {isa = PBXFileReference; lastKnownFileType = sourcecode.swift; path = AppDelegate.swift; sourceTree = "<group>"; };
		7304430520C058AC008E626A /* ViewController.swift */ = {isa = PBXFileReference; lastKnownFileType = sourcecode.swift; path = ViewController.swift; sourceTree = "<group>"; };
		7304430820C058AC008E626A /* Base */ = {isa = PBXFileReference; lastKnownFileType = file.storyboard; name = Base; path = Base.lproj/Main.storyboard; sourceTree = "<group>"; };
		7304430A20C058AE008E626A /* Assets.xcassets */ = {isa = PBXFileReference; lastKnownFileType = folder.assetcatalog; path = Assets.xcassets; sourceTree = "<group>"; };
		7304430D20C058AE008E626A /* Base */ = {isa = PBXFileReference; lastKnownFileType = file.storyboard; name = Base; path = Base.lproj/LaunchScreen.storyboard; sourceTree = "<group>"; };
		7304430F20C058AE008E626A /* Info.plist */ = {isa = PBXFileReference; lastKnownFileType = text.plist.xml; path = Info.plist; sourceTree = "<group>"; };
		7304431520C05C65008E626A /* SecondViewController.swift */ = {isa = PBXFileReference; lastKnownFileType = sourcecode.swift; path = SecondViewController.swift; sourceTree = "<group>"; };
		7304431720C062D9008E626A /* OneViewController.swift */ = {isa = PBXFileReference; lastKnownFileType = sourcecode.swift; path = OneViewController.swift; sourceTree = "<group>"; };
		7304431920C062DF008E626A /* TwoViewController.swift */ = {isa = PBXFileReference; lastKnownFileType = sourcecode.swift; path = TwoViewController.swift; sourceTree = "<group>"; };
		7304431B20C062E5008E626A /* ThreeViewController.swift */ = {isa = PBXFileReference; lastKnownFileType = sourcecode.swift; path = ThreeViewController.swift; sourceTree = "<group>"; };
		7304431D20C06315008E626A /* FourViewController.swift */ = {isa = PBXFileReference; lastKnownFileType = sourcecode.swift; path = FourViewController.swift; sourceTree = "<group>"; };
		7304431F20C0E3B1008E626A /* RootViewController.swift */ = {isa = PBXFileReference; lastKnownFileType = sourcecode.swift; path = RootViewController.swift; sourceTree = "<group>"; };
		7304432120C0E622008E626A /* LastViewController.swift */ = {isa = PBXFileReference; lastKnownFileType = sourcecode.swift; path = LastViewController.swift; sourceTree = "<group>"; };
		73DD92A520C12096009B94EF /* BlueViewController.swift */ = {isa = PBXFileReference; lastKnownFileType = sourcecode.swift; path = BlueViewController.swift; sourceTree = "<group>"; };
/* End PBXFileReference section */

/* Begin PBXFrameworksBuildPhase section */
		730442FD20C058AC008E626A /* Frameworks */ = {
			isa = PBXFrameworksBuildPhase;
			buildActionMask = 2147483647;
			files = (
			);
			runOnlyForDeploymentPostprocessing = 0;
		};
/* End PBXFrameworksBuildPhase section */

/* Begin PBXGroup section */
		730442F720C058AC008E626A = {
			isa = PBXGroup;
			children = (
				7304430220C058AC008E626A /* Navigation_1 */,
				7304430120C058AC008E626A /* Products */,
			);
			sourceTree = "<group>";
		};
		7304430120C058AC008E626A /* Products */ = {
			isa = PBXGroup;
			children = (
				7304430020C058AC008E626A /* Navigation_1.app */,
			);
			name = Products;
			sourceTree = "<group>";
		};
		7304430220C058AC008E626A /* Navigation_1 */ = {
			isa = PBXGroup;
			children = (
				7304430320C058AC008E626A /* AppDelegate.swift */,
				7304430520C058AC008E626A /* ViewController.swift */,
				73DD92A520C12096009B94EF /* BlueViewController.swift */,
				7304431520C05C65008E626A /* SecondViewController.swift */,
				7304430720C058AC008E626A /* Main.storyboard */,
				7304431F20C0E3B1008E626A /* RootViewController.swift */,
				7304431D20C06315008E626A /* FourViewController.swift */,
				7304432120C0E622008E626A /* LastViewController.swift */,
				7304431720C062D9008E626A /* OneViewController.swift */,
				7304431920C062DF008E626A /* TwoViewController.swift */,
				7304431B20C062E5008E626A /* ThreeViewController.swift */,
				7304430A20C058AE008E626A /* Assets.xcassets */,
				7304430C20C058AE008E626A /* LaunchScreen.storyboard */,
				7304430F20C058AE008E626A /* Info.plist */,
			);
			path = Navigation_1;
			sourceTree = "<group>";
		};
/* End PBXGroup section */

/* Begin PBXNativeTarget section */
		730442FF20C058AC008E626A /* Navigation_1 */ = {
			isa = PBXNativeTarget;
			buildConfigurationList = 7304431220C058AE008E626A /* Build configuration list for PBXNativeTarget "Navigation_1" */;
			buildPhases = (
				730442FC20C058AC008E626A /* Sources */,
				730442FD20C058AC008E626A /* Frameworks */,
				730442FE20C058AC008E626A /* Resources */,
			);
			buildRules = (
			);
			dependencies = (
			);
			name = Navigation_1;
			productName = Navigation_1;
			productReference = 7304430020C058AC008E626A /* Navigation_1.app */;
			productType = "com.apple.product-type.application";
		};
/* End PBXNativeTarget section */

/* Begin PBXProject section */
		730442F820C058AC008E626A /* Project object */ = {
			isa = PBXProject;
			attributes = {
				LastSwiftUpdateCheck = 0930;
				LastUpgradeCheck = 0930;
				ORGANIZATIONNAME = moon;
				TargetAttributes = {
					730442FF20C058AC008E626A = {
						CreatedOnToolsVersion = 9.3;
					};
				};
			};
			buildConfigurationList = 730442FB20C058AC008E626A /* Build configuration list for PBXProject "Navigation_1" */;
			compatibilityVersion = "Xcode 9.3";
			developmentRegion = en;
			hasScannedForEncodings = 0;
			knownRegions = (
				en,
				Base,
			);
			mainGroup = 730442F720C058AC008E626A;
			productRefGroup = 7304430120C058AC008E626A /* Products */;
			projectDirPath = "";
			projectRoot = "";
			targets = (
				730442FF20C058AC008E626A /* Navigation_1 */,
			);
		};
/* End PBXProject section */

/* Begin PBXResourcesBuildPhase section */
		730442FE20C058AC008E626A /* Resources */ = {
			isa = PBXResourcesBuildPhase;
			buildActionMask = 2147483647;
			files = (
				7304430E20C058AE008E626A /* LaunchScreen.storyboard in Resources */,
				7304430B20C058AE008E626A /* Assets.xcassets in Resources */,
				7304430920C058AC008E626A /* Main.storyboard in Resources */,
			);
			runOnlyForDeploymentPostprocessing = 0;
		};
/* End PBXResourcesBuildPhase section */

/* Begin PBXSourcesBuildPhase section */
		730442FC20C058AC008E626A /* Sources */ = {
			isa = PBXSourcesBuildPhase;
			buildActionMask = 2147483647;
			files = (
				7304431A20C062DF008E626A /* TwoViewController.swift in Sources */,
				7304432220C0E622008E626A /* LastViewController.swift in Sources */,
				7304431620C05C65008E626A /* SecondViewController.swift in Sources */,
				7304431E20C06315008E626A /* FourViewController.swift in Sources */,
				7304430620C058AC008E626A /* ViewController.swift in Sources */,
				7304431C20C062E5008E626A /* ThreeViewController.swift in Sources */,
				7304430420C058AC008E626A /* AppDelegate.swift in Sources */,
				7304432020C0E3B1008E626A /* RootViewController.swift in Sources */,
				73DD92A620C12096009B94EF /* BlueViewController.swift in Sources */,
				7304431820C062D9008E626A /* OneViewController.swift in Sources */,
			);
			runOnlyForDeploymentPostprocessing = 0;
		};
/* End PBXSourcesBuildPhase section */

/* Begin PBXVariantGroup section */
		7304430720C058AC008E626A /* Main.storyboard */ = {
			isa = PBXVariantGroup;
			children = (
				7304430820C058AC008E626A /* Base */,
			);
			name = Main.storyboard;
			sourceTree = "<group>";
		};
		7304430C20C058AE008E626A /* LaunchScreen.storyboard */ = {
			isa = PBXVariantGroup;
			children = (
				7304430D20C058AE008E626A /* Base */,
			);
			name = LaunchScreen.storyboard;
			sourceTree = "<group>";
		};
/* End PBXVariantGroup section */

/* Begin XCBuildConfiguration section */
		7304431020C058AE008E626A /* Debug */ = {
			isa = XCBuildConfiguration;
			buildSettings = {
				ALWAYS_SEARCH_USER_PATHS = NO;
				CLANG_ANALYZER_NONNULL = YES;
				CLANG_ANALYZER_NUMBER_OBJECT_CONVERSION = YES_AGGRESSIVE;
				CLANG_CXX_LANGUAGE_STANDARD = "gnu++14";
				CLANG_CXX_LIBRARY = "libc++";
				CLANG_ENABLE_MODULES = YES;
				CLANG_ENABLE_OBJC_ARC = YES;
				CLANG_ENABLE_OBJC_WEAK = YES;
				CLANG_WARN_BLOCK_CAPTURE_AUTORELEASING = YES;
				CLANG_WARN_BOOL_CONVERSION = YES;
				CLANG_WARN_COMMA = YES;
				CLANG_WARN_CONSTANT_CONVERSION = YES;
				CLANG_WARN_DEPRECATED_OBJC_IMPLEMENTATIONS = YES;
				CLANG_WARN_DIRECT_OBJC_ISA_USAGE = YES_ERROR;
				CLANG_WARN_DOCUMENTATION_COMMENTS = YES;
				CLANG_WARN_EMPTY_BODY = YES;
				CLANG_WARN_ENUM_CONVERSION = YES;
				CLANG_WARN_INFINITE_RECURSION = YES;
				CLANG_WARN_INT_CONVERSION = YES;
				CLANG_WARN_NON_LITERAL_NULL_CONVERSION = YES;
				CLANG_WARN_OBJC_IMPLICIT_RETAIN_SELF = YES;
				CLANG_WARN_OBJC_LITERAL_CONVERSION = YES;
				CLANG_WARN_OBJC_ROOT_CLASS = YES_ERROR;
				CLANG_WARN_RANGE_LOOP_ANALYSIS = YES;
				CLANG_WARN_STRICT_PROTOTYPES = YES;
				CLANG_WARN_SUSPICIOUS_MOVE = YES;
				CLANG_WARN_UNGUARDED_AVAILABILITY = YES_AGGRESSIVE;
				CLANG_WARN_UNREACHABLE_CODE = YES;
				CLANG_WARN__DUPLICATE_METHOD_MATCH = YES;
				CODE_SIGN_IDENTITY = "iPhone Developer";
				COPY_PHASE_STRIP = NO;
				DEBUG_INFORMATION_FORMAT = dwarf;
				ENABLE_STRICT_OBJC_MSGSEND = YES;
				ENABLE_TESTABILITY = YES;
				GCC_C_LANGUAGE_STANDARD = gnu11;
				GCC_DYNAMIC_NO_PIC = NO;
				GCC_NO_COMMON_BLOCKS = YES;
				GCC_OPTIMIZATION_LEVEL = 0;
				GCC_PREPROCESSOR_DEFINITIONS = (
					"DEBUG=1",
					"$(inherited)",
				);
				GCC_WARN_64_TO_32_BIT_CONVERSION = YES;
				GCC_WARN_ABOUT_RETURN_TYPE = YES_ERROR;
				GCC_WARN_UNDECLARED_SELECTOR = YES;
				GCC_WARN_UNINITIALIZED_AUTOS = YES_AGGRESSIVE;
				GCC_WARN_UNUSED_FUNCTION = YES;
				GCC_WARN_UNUSED_VARIABLE = YES;
				IPHONEOS_DEPLOYMENT_TARGET = 11.3;
				MTL_ENABLE_DEBUG_INFO = YES;
				ONLY_ACTIVE_ARCH = YES;
				SDKROOT = iphoneos;
				SWIFT_ACTIVE_COMPILATION_CONDITIONS = DEBUG;
				SWIFT_OPTIMIZATION_LEVEL = "-Onone";
			};
			name = Debug;
		};
		7304431120C058AE008E626A /* Release */ = {
			isa = XCBuildConfiguration;
			buildSettings = {
				ALWAYS_SEARCH_USER_PATHS = NO;
				CLANG_ANALYZER_NONNULL = YES;
				CLANG_ANALYZER_NUMBER_OBJECT_CONVERSION = YES_AGGRESSIVE;
				CLANG_CXX_LANGUAGE_STANDARD = "gnu++14";
				CLANG_CXX_LIBRARY = "libc++";
				CLANG_ENABLE_MODULES = YES;
				CLANG_ENABLE_OBJC_ARC = YES;
				CLANG_ENABLE_OBJC_WEAK = YES;
				CLANG_WARN_BLOCK_CAPTURE_AUTORELEASING = YES;
				CLANG_WARN_BOOL_CONVERSION = YES;
				CLANG_WARN_COMMA = YES;
				CLANG_WARN_CONSTANT_CONVERSION = YES;
				CLANG_WARN_DEPRECATED_OBJC_IMPLEMENTATIONS = YES;
				CLANG_WARN_DIRECT_OBJC_ISA_USAGE = YES_ERROR;
				CLANG_WARN_DOCUMENTATION_COMMENTS = YES;
				CLANG_WARN_EMPTY_BODY = YES;
				CLANG_WARN_ENUM_CONVERSION = YES;
				CLANG_WARN_INFINITE_RECURSION = YES;
				CLANG_WARN_INT_CONVERSION = YES;
				CLANG_WARN_NON_LITERAL_NULL_CONVERSION = YES;
				CLANG_WARN_OBJC_IMPLICIT_RETAIN_SELF = YES;
				CLANG_WARN_OBJC_LITERAL_CONVERSION = YES;
				CLANG_WARN_OBJC_ROOT_CLASS = YES_ERROR;
				CLANG_WARN_RANGE_LOOP_ANALYSIS = YES;
				CLANG_WARN_STRICT_PROTOTYPES = YES;
				CLANG_WARN_SUSPICIOUS_MOVE = YES;
				CLANG_WARN_UNGUARDED_AVAILABILITY = YES_AGGRESSIVE;
				CLANG_WARN_UNREACHABLE_CODE = YES;
				CLANG_WARN__DUPLICATE_METHOD_MATCH = YES;
				CODE_SIGN_IDENTITY = "iPhone Developer";
				COPY_PHASE_STRIP = NO;
				DEBUG_INFORMATION_FORMAT = "dwarf-with-dsym";
				ENABLE_NS_ASSERTIONS = NO;
				ENABLE_STRICT_OBJC_MSGSEND = YES;
				GCC_C_LANGUAGE_STANDARD = gnu11;
				GCC_NO_COMMON_BLOCKS = YES;
				GCC_WARN_64_TO_32_BIT_CONVERSION = YES;
				GCC_WARN_ABOUT_RETURN_TYPE = YES_ERROR;
				GCC_WARN_UNDECLARED_SELECTOR = YES;
				GCC_WARN_UNINITIALIZED_AUTOS = YES_AGGRESSIVE;
				GCC_WARN_UNUSED_FUNCTION = YES;
				GCC_WARN_UNUSED_VARIABLE = YES;
				IPHONEOS_DEPLOYMENT_TARGET = 11.3;
				MTL_ENABLE_DEBUG_INFO = NO;
				SDKROOT = iphoneos;
				SWIFT_COMPILATION_MODE = wholemodule;
				SWIFT_OPTIMIZATION_LEVEL = "-O";
				VALIDATE_PRODUCT = YES;
			};
			name = Release;
		};
		7304431320C058AE008E626A /* Debug */ = {
			isa = XCBuildConfiguration;
			buildSettings = {
				ASSETCATALOG_COMPILER_APPICON_NAME = AppIcon;
				CODE_SIGN_STYLE = Automatic;
				INFOPLIST_FILE = Navigation_1/Info.plist;
				LD_RUNPATH_SEARCH_PATHS = (
					"$(inherited)",
					"@executable_path/Frameworks",
				);
				PRODUCT_BUNDLE_IDENTIFIER = "com.example.Navigation-1";
				PRODUCT_NAME = "$(TARGET_NAME)";
				SWIFT_VERSION = 4.0;
				TARGETED_DEVICE_FAMILY = "1,2";
			};
			name = Debug;
		};
		7304431420C058AE008E626A /* Release */ = {
			isa = XCBuildConfiguration;
			buildSettings = {
				ASSETCATALOG_COMPILER_APPICON_NAME = AppIcon;
				CODE_SIGN_STYLE = Automatic;
				INFOPLIST_FILE = Navigation_1/Info.plist;
				LD_RUNPATH_SEARCH_PATHS = (
					"$(inherited)",
					"@executable_path/Frameworks",
				);
				PRODUCT_BUNDLE_IDENTIFIER = "com.example.Navigation-1";
				PRODUCT_NAME = "$(TARGET_NAME)";
				SWIFT_VERSION = 4.0;
				TARGETED_DEVICE_FAMILY = "1,2";
			};
			name = Release;
		};
/* End XCBuildConfiguration section */

/* Begin XCConfigurationList section */
		730442FB20C058AC008E626A /* Build configuration list for PBXProject "Navigation_1" */ = {
			isa = XCConfigurationList;
			buildConfigurations = (
				7304431020C058AE008E626A /* Debug */,
				7304431120C058AE008E626A /* Release */,
			);
			defaultConfigurationIsVisible = 0;
			defaultConfigurationName = Release;
		};
		7304431220C058AE008E626A /* Build configuration list for PBXNativeTarget "Navigation_1" */ = {
			isa = XCConfigurationList;
			buildConfigurations = (
				7304431320C058AE008E626A /* Debug */,
				7304431420C058AE008E626A /* Release */,
			);
			defaultConfigurationIsVisible = 0;
			defaultConfigurationName = Release;
		};
/* End XCConfigurationList section */
	};
	rootObject = 730442F820C058AC008E626A /* Project object */;
}
